Microsoft Visual Studio Solution File, Format Version 12.00
# Visual Studio Version 16
VisualStudioVersion = 16.0.30225.117
MinimumVisualStudioVersion = 10.0.40219.1
Project("{9A19103F-16F7-4668-BE54-9A1E7A4F7556}") = "HangFireDashboard", "HangFireDashboard\HangFireDashboard.csproj", "{0DF630A7-BCB2-4267-A21B-B716F43526D8}"
EndProject
Project("{9A19103F-16F7-4668-BE54-9A1E7A4F7556}") = "Server1", "Server1\Server1.csproj", "{A00C296C-368E-49E7-8BFF-BCBF0335CD22}"
EndProject
Project("{9A19103F-16F7-4668-BE54-9A1E7A4F7556}") = "Hangfire.Workers", "Hangfire.Workers\Hangfire.Workers.csproj", "{368C6AF7-E7DD-475C-B9B1-D6DB3305EE9E}"
EndProject
Global
	GlobalSection(SolutionConfigurationPlatforms) = preSolution
		Debug|Any CPU = Debug|Any CPU
		Release|Any CPU = Release|Any CPU
	EndGlobalSection
	GlobalSection(ProjectConfigurationPlatforms) = postSolution
		{0DF630A7-BCB2-4267-A21B-B716F43526D8}.Debug|Any CPU.ActiveCfg = Debug|Any CPU
		{0DF630A7-BCB2-4267-A21B-B716F43526D8}.Debug|Any CPU.Build.0 = Debug|Any CPU
		{0DF630A7-BCB2-4267-A21B-B716F43526D8}.Release|Any CPU.ActiveCfg = Release|Any CPU
		{0DF630A7-BCB2-4267-A21B-B716F43526D8}.Release|Any CPU.Build.0 = Release|Any CPU
		{A00C296C-368E-49E7-8BFF-BCBF0335CD22}.Debug|Any CPU.ActiveCfg = Debug|Any CPU
		{A00C296C-368E-49E7-8BFF-BCBF0335CD22}.Debug|Any CPU.Build.0 = Debug|Any CPU
		{A00C296C-368E-49E7-8BFF-BCBF0335CD22}.Release|Any CPU.ActiveCfg = Release|Any CPU
		{A00C296C-368E-49E7-8BFF-BCBF0335CD22}.Release|Any CPU.Build.0 = Release|Any CPU
		{368C6AF7-E7DD-475C-B9B1-D6DB3305EE9E}.Debug|Any CPU.ActiveCfg = Debug|Any CPU
		{368C6AF7-E7DD-475C-B9B1-D6DB3305EE9E}.Debug|Any CPU.Build.0 = Debug|Any CPU
		{368C6AF7-E7DD-475C-B9B1-D6DB3305EE9E}.Release|Any CPU.ActiveCfg = Release|Any CPU
		{368C6AF7-E7DD-475C-B9B1-D6DB3305EE9E}.Release|Any CPU.Build.0 = Release|Any CPU
	EndGlobalSection
	GlobalSection(SolutionProperties) = preSolution
		HideSolutionNode = FALSE
	EndGlobalSection
	GlobalSection(ExtensibilityGlobals) = postSolution
		SolutionGuid = {7D0F2D67-121A-47DB-A022-B844B0A04D92}
	EndGlobalSection
EndGlobal
